
Microsoft Visual Studio Solution File, Format Version 12.00
# Visual Studio Version 17
VisualStudioVersion = 17.8.34330.188
MinimumVisualStudioVersion = 10.0.40219.1
Project("{9A19103F-16F7-4668-BE54-9A1E7A4F7556}") = "PagueMe.Infra", "PagueMe.Infra\PagueMe.Infra.csproj", "{953AFC51-416C-4089-9A3D-B87403C85F9C}"
EndProject
Project("{9A19103F-16F7-4668-BE54-9A1E7A4F7556}") = "PagueMe.Domain", "PagueMe.Domain\PagueMe.Domain.csproj", "{3A64FADB-45E1-48C4-88EC-59F0D3C452F7}"
EndProject
Project("{9A19103F-16F7-4668-BE54-9A1E7A4F7556}") = "PagueMe.Application", "PagueMe.Application\PagueMe.Application.csproj", "{BCC1E86A-538C-43D9-BC48-9941D9BB5158}"
EndProject
Project("{FAE04EC0-301F-11D3-BF4B-00C04F79EFBC}") = "PagueMe.Api", "PagueMe.Api\PagueMe.Api.csproj", "{7234FBB5-E761-4A27-A227-4F6FD76CED87}"
EndProject
Project("{9A19103F-16F7-4668-BE54-9A1E7A4F7556}") = "PagueMe.Ioc", "PagueMe.Ioc\PagueMe.Ioc.csproj", "{603C56E9-B6CE-475F-9FA2-3F54B378F0AF}"
EndProject
Global
	GlobalSection(SolutionConfigurationPlatforms) = preSolution
		Debug|Any CPU = Debug|Any CPU
		Release|Any CPU = Release|Any CPU
	EndGlobalSection
	GlobalSection(ProjectConfigurationPlatforms) = postSolution
		{953AFC51-416C-4089-9A3D-B87403C85F9C}.Debug|Any CPU.ActiveCfg = Debug|Any CPU
		{953AFC51-416C-4089-9A3D-B87403C85F9C}.Debug|Any CPU.Build.0 = Debug|Any CPU
		{953AFC51-416C-4089-9A3D-B87403C85F9C}.Release|Any CPU.ActiveCfg = Release|Any CPU
		{953AFC51-416C-4089-9A3D-B87403C85F9C}.Release|Any CPU.Build.0 = Release|Any CPU
		{3A64FADB-45E1-48C4-88EC-59F0D3C452F7}.Debug|Any CPU.ActiveCfg = Debug|Any CPU
		{3A64FADB-45E1-48C4-88EC-59F0D3C452F7}.Debug|Any CPU.Build.0 = Debug|Any CPU
		{3A64FADB-45E1-48C4-88EC-59F0D3C452F7}.Release|Any CPU.ActiveCfg = Release|Any CPU
		{3A64FADB-45E1-48C4-88EC-59F0D3C452F7}.Release|Any CPU.Build.0 = Release|Any CPU
		{BCC1E86A-538C-43D9-BC48-9941D9BB5158}.Debug|Any CPU.ActiveCfg = Debug|Any CPU
		{BCC1E86A-538C-43D9-BC48-9941D9BB5158}.Debug|Any CPU.Build.0 = Debug|Any CPU
		{BCC1E86A-538C-43D9-BC48-9941D9BB5158}.Release|Any CPU.ActiveCfg = Release|Any CPU
		{BCC1E86A-538C-43D9-BC48-9941D9BB5158}.Release|Any CPU.Build.0 = Release|Any CPU
		{7234FBB5-E761-4A27-A227-4F6FD76CED87}.Debug|Any CPU.ActiveCfg = Debug|Any CPU
		{7234FBB5-E761-4A27-A227-4F6FD76CED87}.Debug|Any CPU.Build.0 = Debug|Any CPU
		{7234FBB5-E761-4A27-A227-4F6FD76CED87}.Release|Any CPU.ActiveCfg = Release|Any CPU
		{7234FBB5-E761-4A27-A227-4F6FD76CED87}.Release|Any CPU.Build.0 = Release|Any CPU
		{603C56E9-B6CE-475F-9FA2-3F54B378F0AF}.Debug|Any CPU.ActiveCfg = Debug|Any CPU
		{603C56E9-B6CE-475F-9FA2-3F54B378F0AF}.Debug|Any CPU.Build.0 = Debug|Any CPU
		{603C56E9-B6CE-475F-9FA2-3F54B378F0AF}.Release|Any CPU.ActiveCfg = Release|Any CPU
		{603C56E9-B6CE-475F-9FA2-3F54B378F0AF}.Release|Any CPU.Build.0 = Release|Any CPU
	EndGlobalSection
	GlobalSection(SolutionProperties) = preSolution
		HideSolutionNode = FALSE
	EndGlobalSection
	GlobalSection(ExtensibilityGlobals) = postSolution
		SolutionGuid = {3DED6B6B-D052-45DE-972E-90C8F8322D01}
	EndGlobalSection
EndGlobal
